
Microsoft Visual Studio Solution File, Format Version 12.00
# Visual Studio 15
VisualStudioVersion = 15.0.27703.2000
MinimumVisualStudioVersion = 10.0.40219.1
Project("{9A19103F-16F7-4668-BE54-9A1E7A4F7556}") = "SimpleTimeManager", "SimpleTimeManager\SimpleTimeManager.csproj", "{89904003-946B-4EEE-93CF-375177F6911C}"
EndProject
Project("{FAE04EC0-301F-11D3-BF4B-00C04F79EFBC}") = "TimeManagerConsole.Tests", "TimeManagerConsoleTests\TimeManagerConsole.Tests.csproj", "{303859F2-339C-4F38-8EE4-40F990AC62CC}"
EndProject
Global
	GlobalSection(SolutionConfigurationPlatforms) = preSolution
		Debug|Any CPU = Debug|Any CPU
		Release|Any CPU = Release|Any CPU
	EndGlobalSection
	GlobalSection(ProjectConfigurationPlatforms) = postSolution
		{89904003-946B-4EEE-93CF-375177F6911C}.Debug|Any CPU.ActiveCfg = Debug|Any CPU
		{89904003-946B-4EEE-93CF-375177F6911C}.Debug|Any CPU.Build.0 = Debug|Any CPU
		{89904003-946B-4EEE-93CF-375177F6911C}.Release|Any CPU.ActiveCfg = Release|Any CPU
		{89904003-946B-4EEE-93CF-375177F6911C}.Release|Any CPU.Build.0 = Release|Any CPU
		{303859F2-339C-4F38-8EE4-40F990AC62CC}.Debug|Any CPU.ActiveCfg = Debug|Any CPU
		{303859F2-339C-4F38-8EE4-40F990AC62CC}.Debug|Any CPU.Build.0 = Debug|Any CPU
		{303859F2-339C-4F38-8EE4-40F990AC62CC}.Release|Any CPU.ActiveCfg = Release|Any CPU
		{303859F2-339C-4F38-8EE4-40F990AC62CC}.Release|Any CPU.Build.0 = Release|Any CPU
	EndGlobalSection
	GlobalSection(SolutionProperties) = preSolution
		HideSolutionNode = FALSE
	EndGlobalSection
	GlobalSection(ExtensibilityGlobals) = postSolution
		SolutionGuid = {F138AC3B-2DAA-47D9-8EBC-3DB93D24EC04}
	EndGlobalSection
EndGlobal
